PODS:
  - Realm (0.90.6):
    - Realm/Headers (= 0.90.6)
  - Realm/Headers (0.90.6)
  - SVProgressHUD (HEAD based on 1.1.2)

DEPENDENCIES:
  - Realm
  - SVProgressHUD (HEAD)

SPEC CHECKSUMS:
  Realm: 6c3facc11964ab9f828f47de6d0e9bf9c4d9c818
  SVProgressHUD: da7a49e789af645d9279ffbca62318945a832438

COCOAPODS: 0.35.0
