// !$*UTF8*$!
{
	archiveVersion = 1;
	classes = {
	};
	objectVersion = 46;
	objects = {

/* Begin PBXBuildFile section */
		20A36C641A1347D500717277 /* main.m in Sources */ = {isa = PBXBuildFile; fileRef = 20A36C631A1347D500717277 /* main.m */; };
		20A36C671A1347D500717277 /* AppDelegate.m in Sources */ = {isa = PBXBuildFile; fileRef = 20A36C661A1347D500717277 /* AppDelegate.m */; };
		20A36C6F1A1347D500717277 /* Images.xcassets in Resources */ = {isa = PBXBuildFile; fileRef = 20A36C6E1A1347D500717277 /* Images.xcassets */; };
		20A36C721A1347D500717277 /* LaunchScreen.xib in Resources */ = {isa = PBXBuildFile; fileRef = 20A36C701A1347D500717277 /* LaunchScreen.xib */; };
		20A36C7E1A1347D500717277 /* chatxmppTests.m in Sources */ = {isa = PBXBuildFile; fileRef = 20A36C7D1A1347D500717277 /* chatxmppTests.m */; };
		20A36C8E1A1358BF00717277 /* FriendListViewController.m in Sources */ = {isa = PBXBuildFile; fileRef = 20A36C8C1A1358BF00717277 /* FriendListViewController.m */; };
		20A36C8F1A1358BF00717277 /* FriendListViewController.xib in Resources */ = {isa = PBXBuildFile; fileRef = 20A36C8D1A1358BF00717277 /* FriendListViewController.xib */; };
		20A36C931A1358E900717277 /* ChatHisViewController.m in Sources */ = {isa = PBXBuildFile; fileRef = 20A36C911A1358E900717277 /* ChatHisViewController.m */; };
		20A36C941A1358E900717277 /* ChatHisViewController.xib in Resources */ = {isa = PBXBuildFile; fileRef = 20A36C921A1358E900717277 /* ChatHisViewController.xib */; };
		20A36C9B1A13593400717277 /* SettingViewController.m in Sources */ = {isa = PBXBuildFile; fileRef = 20A36C991A13593400717277 /* SettingViewController.m */; };
		20A36C9C1A13593400717277 /* SettingViewController.xib in Resources */ = {isa = PBXBuildFile; fileRef = 20A36C9A1A13593400717277 /* SettingViewController.xib */; };
/* End PBXBuildFile section */

/* Begin PBXContainerItemProxy section */
		20A36C781A1347D500717277 /* PBXContainerItemProxy */ = {
			isa = PBXContainerItemProxy;
			containerPortal = 20A36C561A1347D500717277 /* Project object */;
			proxyType = 1;
			remoteGlobalIDString = 20A36C5D1A1347D500717277;
			remoteInfo = chatxmpp;
		};
/* End PBXContainerItemProxy section */

/* Begin PBXFileReference section */
		20A36C5E1A1347D500717277 /* chatxmpp.app */ = {isa = PBXFileReference; explicitFileType = wrapper.application; includeInIndex = 0; path = chatxmpp.app; sourceTree = BUILT_PRODUCTS_DIR; };
		20A36C621A1347D500717277 /* Info.plist */ = {isa = PBXFileReference; lastKnownFileType = text.plist.xml; path = Info.plist; sourceTree = "<group>"; };
		20A36C631A1347D500717277 /* main.m */ = {isa = PBXFileReference; lastKnownFileType = sourcecode.c.objc; path = main.m; sourceTree = "<group>"; };
		20A36C651A1347D500717277 /* AppDelegate.h */ = {isa = PBXFileReference; lastKnownFileType = sourcecode.c.h; path = AppDelegate.h; sourceTree = "<group>"; };
		20A36C661A1347D500717277 /* AppDelegate.m */ = {isa = PBXFileReference; lastKnownFileType = sourcecode.c.objc; path = AppDelegate.m; sourceTree = "<group>"; };
		20A36C6E1A1347D500717277 /* Images.xcassets */ = {isa = PBXFileReference; lastKnownFileType = folder.assetcatalog; path = Images.xcassets; sourceTree = "<group>"; };
		20A36C711A1347D500717277 /* Base */ = {isa = PBXFileReference; lastKnownFileType = file.xib; name = Base; path = Base.lproj/LaunchScreen.xib; sourceTree = "<group>"; };
		20A36C771A1347D500717277 /* chatxmppTests.xctest */ = {isa = PBXFileReference; explicitFileType = wrapper.cfbundle; includeInIndex = 0; path = chatxmppTests.xctest; sourceTree = BUILT_PRODUCTS_DIR; };
		20A36C7C1A1347D500717277 /* Info.plist */ = {isa = PBXFileReference; lastKnownFileType = text.plist.xml; path = Info.plist; sourceTree = "<group>"; };
		20A36C7D1A1347D500717277 /* chatxmppTests.m */ = {isa = PBXFileReference; lastKnownFileType = sourcecode.c.objc; path = chatxmppTests.m; sourceTree = "<group>"; };
		20A36C871A1347F700717277 /* chatxmpp-Prefix.pch */ = {isa = PBXFileReference; lastKnownFileType = sourcecode.c.h; path = "chatxmpp-Prefix.pch"; sourceTree = "<group>"; };
		20A36C8B1A1358BF00717277 /* FriendListViewController.h */ = {isa = PBXFileReference; fileEncoding = 4; lastKnownFileType = sourcecode.c.h; name = FriendListViewController.h; path = tab1/FriendListViewController.h; sourceTree = "<group>"; };
		20A36C8C1A1358BF00717277 /* FriendListViewController.m */ = {isa = PBXFileReference; fileEncoding = 4; lastKnownFileType = sourcecode.c.objc; name = FriendListViewController.m; path = tab1/FriendListViewController.m; sourceTree = "<group>"; };
		20A36C8D1A1358BF00717277 /* FriendListViewController.xib */ = {isa = PBXFileReference; fileEncoding = 4; lastKnownFileType = file.xib; name = FriendListViewController.xib; path = tab1/FriendListViewController.xib; sourceTree = "<group>"; };
		20A36C901A1358E900717277 /* ChatHisViewController.h */ = {isa = PBXFileReference; fileEncoding = 4; lastKnownFileType = sourcecode.c.h; name = ChatHisViewController.h; path = tab2/ChatHisViewController.h; sourceTree = "<group>"; };
		20A36C911A1358E900717277 /* ChatHisViewController.m */ = {isa = PBXFileReference; fileEncoding = 4; lastKnownFileType = sourcecode.c.objc; name = ChatHisViewController.m; path = tab2/ChatHisViewController.m; sourceTree = "<group>"; };
		20A36C921A1358E900717277 /* ChatHisViewController.xib */ = {isa = PBXFileReference; fileEncoding = 4; lastKnownFileType = file.xib; name = ChatHisViewController.xib; path = tab2/ChatHisViewController.xib; sourceTree = "<group>"; };
		20A36C981A13593400717277 /* SettingViewController.h */ = {isa = PBXFileReference; fileEncoding = 4; lastKnownFileType = sourcecode.c.h; name = SettingViewController.h; path = set/SettingViewController.h; sourceTree = "<group>"; };
		20A36C991A13593400717277 /* SettingViewController.m */ = {isa = PBXFileReference; fileEncoding = 4; lastKnownFileType = sourcecode.c.objc; name = SettingViewController.m; path = set/SettingViewController.m; sourceTree = "<group>"; };
		20A36C9A1A13593400717277 /* SettingViewController.xib */ = {isa = PBXFileReference; fileEncoding = 4; lastKnownFileType = file.xib; name = SettingViewController.xib; path = set/SettingViewController.xib; sourceTree = "<group>"; };
/* End PBXFileReference section */

/* Begin PBXFrameworksBuildPhase section */
		20A36C5B1A1347D500717277 /* Frameworks */ = {
			isa = PBXFrameworksBuildPhase;
			buildActionMask = 2147483647;
			files = (
			);
			runOnlyForDeploymentPostprocessing = 0;
		};
		20A36C741A1347D500717277 /* Frameworks */ = {
			isa = PBXFrameworksBuildPhase;
			buildActionMask = 2147483647;
			files = (
			);
			runOnlyForDeploymentPostprocessing = 0;
		};
/* End PBXFrameworksBuildPhase section */

/* Begin PBXGroup section */
		20A36C551A1347D500717277 = {
			isa = PBXGroup;
			children = (
				20A36C601A1347D500717277 /* chatxmpp */,
				20A36C7A1A1347D500717277 /* chatxmppTests */,
				20A36C5F1A1347D500717277 /* Products */,
			);
			sourceTree = "<group>";
		};
		20A36C5F1A1347D500717277 /* Products */ = {
			isa = PBXGroup;
			children = (
				20A36C5E1A1347D500717277 /* chatxmpp.app */,
				20A36C771A1347D500717277 /* chatxmppTests.xctest */,
			);
			name = Products;
			sourceTree = "<group>";
		};
		20A36C601A1347D500717277 /* chatxmpp */ = {
			isa = PBXGroup;
			children = (
				20A36C8A1A134F7600717277 /* Tab3(Setting) */,
				20A36C891A134F6800717277 /* Tab2(Chat) */,
				20A36C881A134F5F00717277 /* Tab1(Friend) */,
				20A36C651A1347D500717277 /* AppDelegate.h */,
				20A36C661A1347D500717277 /* AppDelegate.m */,
				20A36C6E1A1347D500717277 /* Images.xcassets */,
				20A36C701A1347D500717277 /* LaunchScreen.xib */,
				20A36C611A1347D500717277 /* Supporting Files */,
			);
			path = chatxmpp;
			sourceTree = "<group>";
		};
		20A36C611A1347D500717277 /* Supporting Files */ = {
			isa = PBXGroup;
			children = (
				20A36C621A1347D500717277 /* Info.plist */,
				20A36C631A1347D500717277 /* main.m */,
				20A36C871A1347F700717277 /* chatxmpp-Prefix.pch */,
			);
			name = "Supporting Files";
			sourceTree = "<group>";
		};
		20A36C7A1A1347D500717277 /* chatxmppTests */ = {
			isa = PBXGroup;
			children = (
				20A36C7D1A1347D500717277 /* chatxmppTests.m */,
				20A36C7B1A1347D500717277 /* Supporting Files */,
			);
			path = chatxmppTests;
			sourceTree = "<group>";
		};
		20A36C7B1A1347D500717277 /* Supporting Files */ = {
			isa = PBXGroup;
			children = (
				20A36C7C1A1347D500717277 /* Info.plist */,
			);
			name = "Supporting Files";
			sourceTree = "<group>";
		};
		20A36C881A134F5F00717277 /* Tab1(Friend) */ = {
			isa = PBXGroup;
			children = (
				20A36C8B1A1358BF00717277 /* FriendListViewController.h */,
				20A36C8C1A1358BF00717277 /* FriendListViewController.m */,
				20A36C8D1A1358BF00717277 /* FriendListViewController.xib */,
			);
			name = "Tab1(Friend)";
			sourceTree = "<group>";
		};
		20A36C891A134F6800717277 /* Tab2(Chat) */ = {
			isa = PBXGroup;
			children = (
				20A36C901A1358E900717277 /* ChatHisViewController.h */,
				20A36C911A1358E900717277 /* ChatHisViewController.m */,
				20A36C921A1358E900717277 /* ChatHisViewController.xib */,
			);
			name = "Tab2(Chat)";
			sourceTree = "<group>";
		};
		20A36C8A1A134F7600717277 /* Tab3(Setting) */ = {
			isa = PBXGroup;
			children = (
				20A36C981A13593400717277 /* SettingViewController.h */,
				20A36C991A13593400717277 /* SettingViewController.m */,
				20A36C9A1A13593400717277 /* SettingViewController.xib */,
			);
			name = "Tab3(Setting)";
			sourceTree = "<group>";
		};
/* End PBXGroup section */

/* Begin PBXNativeTarget section */
		20A36C5D1A1347D500717277 /* chatxmpp */ = {
			isa = PBXNativeTarget;
			buildConfigurationList = 20A36C811A1347D500717277 /* Build configuration list for PBXNativeTarget "chatxmpp" */;
			buildPhases = (
				20A36C5A1A1347D500717277 /* Sources */,
				20A36C5B1A1347D500717277 /* Frameworks */,
				20A36C5C1A1347D500717277 /* Resources */,
			);
			buildRules = (
			);
			dependencies = (
			);
			name = chatxmpp;
			productName = chatxmpp;
			productReference = 20A36C5E1A1347D500717277 /* chatxmpp.app */;
			productType = "com.apple.product-type.application";
		};
		20A36C761A1347D500717277 /* chatxmppTests */ = {
			isa = PBXNativeTarget;
			buildConfigurationList = 20A36C841A1347D500717277 /* Build configuration list for PBXNativeTarget "chatxmppTests" */;
			buildPhases = (
				20A36C731A1347D500717277 /* Sources */,
				20A36C741A1347D500717277 /* Frameworks */,
				20A36C751A1347D500717277 /* Resources */,
			);
			buildRules = (
			);
			dependencies = (
				20A36C791A1347D500717277 /* PBXTargetDependency */,
			);
			name = chatxmppTests;
			productName = chatxmppTests;
			productReference = 20A36C771A1347D500717277 /* chatxmppTests.xctest */;
			productType = "com.apple.product-type.bundle.unit-test";
		};
/* End PBXNativeTarget section */

/* Begin PBXProject section */
		20A36C561A1347D500717277 /* Project object */ = {
			isa = PBXProject;
			attributes = {
				LastUpgradeCheck = 0610;
				ORGANIZATIONNAME = Jhihguan;
				TargetAttributes = {
					20A36C5D1A1347D500717277 = {
						CreatedOnToolsVersion = 6.1;
					};
					20A36C761A1347D500717277 = {
						CreatedOnToolsVersion = 6.1;
						TestTargetID = 20A36C5D1A1347D500717277;
					};
				};
			};
			buildConfigurationList = 20A36C591A1347D500717277 /* Build configuration list for PBXProject "chatxmpp" */;
			compatibilityVersion = "Xcode 3.2";
			developmentRegion = English;
			hasScannedForEncodings = 0;
			knownRegions = (
				en,
				Base,
			);
			mainGroup = 20A36C551A1347D500717277;
			productRefGroup = 20A36C5F1A1347D500717277 /* Products */;
			projectDirPath = "";
			projectRoot = "";
			targets = (
				20A36C5D1A1347D500717277 /* chatxmpp */,
				20A36C761A1347D500717277 /* chatxmppTests */,
			);
		};
/* End PBXProject section */

/* Begin PBXResourcesBuildPhase section */
		20A36C5C1A1347D500717277 /* Resources */ = {
			isa = PBXResourcesBuildPhase;
			buildActionMask = 2147483647;
			files = (
				20A36C721A1347D500717277 /* LaunchScreen.xib in Resources */,
				20A36C9C1A13593400717277 /* SettingViewController.xib in Resources */,
				20A36C941A1358E900717277 /* ChatHisViewController.xib in Resources */,
				20A36C6F1A1347D500717277 /* Images.xcassets in Resources */,
				20A36C8F1A1358BF00717277 /* FriendListViewController.xib in Resources */,
			);
			runOnlyForDeploymentPostprocessing = 0;
		};
		20A36C751A1347D500717277 /* Resources */ = {
			isa = PBXResourcesBuildPhase;
			buildActionMask = 2147483647;
			files = (
			);
			runOnlyForDeploymentPostprocessing = 0;
		};
/* End PBXResourcesBuildPhase section */

/* Begin PBXSourcesBuildPhase section */
		20A36C5A1A1347D500717277 /* Sources */ = {
			isa = PBXSourcesBuildPhase;
			buildActionMask = 2147483647;
			files = (
				20A36C8E1A1358BF00717277 /* FriendListViewController.m in Sources */,
				20A36C931A1358E900717277 /* ChatHisViewController.m in Sources */,
				20A36C671A1347D500717277 /* AppDelegate.m in Sources */,
				20A36C641A1347D500717277 /* main.m in Sources */,
				20A36C9B1A13593400717277 /* SettingViewController.m in Sources */,
			);
			runOnlyForDeploymentPostprocessing = 0;
		};
		20A36C731A1347D500717277 /* Sources */ = {
			isa = PBXSourcesBuildPhase;
			buildActionMask = 2147483647;
			files = (
				20A36C7E1A1347D500717277 /* chatxmppTests.m in Sources */,
			);
			runOnlyForDeploymentPostprocessing = 0;
		};
/* End PBXSourcesBuildPhase section */

/* Begin PBXTargetDependency section */
		20A36C791A1347D500717277 /* PBXTargetDependency */ = {
			isa = PBXTargetDependency;
			target = 20A36C5D1A1347D500717277 /* chatxmpp */;
			targetProxy = 20A36C781A1347D500717277 /* PBXContainerItemProxy */;
		};
/* End PBXTargetDependency section */

/* Begin PBXVariantGroup section */
		20A36C701A1347D500717277 /* LaunchScreen.xib */ = {
			isa = PBXVariantGroup;
			children = (
				20A36C711A1347D500717277 /* Base */,
			);
			name = LaunchScreen.xib;
			sourceTree = "<group>";
		};
/* End PBXVariantGroup section */

/* Begin XCBuildConfiguration section */
		20A36C7F1A1347D500717277 /* Debug */ = {
			isa = XCBuildConfiguration;
			buildSettings = {
				ALWAYS_SEARCH_USER_PATHS = NO;
				CLANG_CXX_LANGUAGE_STANDARD = "gnu++0x";
				CLANG_CXX_LIBRARY = "libc++";
				CLANG_ENABLE_MODULES = YES;
				CLANG_ENABLE_OBJC_ARC = YES;
				CLANG_WARN_BOOL_CONVERSION = YES;
				CLANG_WARN_CONSTANT_CONVERSION = YES;
				CLANG_WARN_DIRECT_OBJC_ISA_USAGE = YES_ERROR;
				CLANG_WARN_EMPTY_BODY = YES;
				CLANG_WARN_ENUM_CONVERSION = YES;
				CLANG_WARN_INT_CONVERSION = YES;
				CLANG_WARN_OBJC_ROOT_CLASS = YES_ERROR;
				CLANG_WARN_UNREACHABLE_CODE = YES;
				CLANG_WARN__DUPLICATE_METHOD_MATCH = YES;
				"CODE_SIGN_IDENTITY[sdk=iphoneos*]" = "iPhone Developer";
				COPY_PHASE_STRIP = NO;
				ENABLE_STRICT_OBJC_MSGSEND = YES;
				GCC_C_LANGUAGE_STANDARD = gnu99;
				GCC_DYNAMIC_NO_PIC = NO;
				GCC_OPTIMIZATION_LEVEL = 0;
				GCC_PREPROCESSOR_DEFINITIONS = (
					"DEBUG=1",
					"$(inherited)",
				);
				GCC_SYMBOLS_PRIVATE_EXTERN = NO;
				GCC_WARN_64_TO_32_BIT_CONVERSION = YES;
				GCC_WARN_ABOUT_RETURN_TYPE = YES_ERROR;
				GCC_WARN_UNDECLARED_SELECTOR = YES;
				GCC_WARN_UNINITIALIZED_AUTOS = YES_AGGRESSIVE;
				GCC_WARN_UNUSED_FUNCTION = YES;
				GCC_WARN_UNUSED_VARIABLE = YES;
				IPHONEOS_DEPLOYMENT_TARGET = 8.1;
				MTL_ENABLE_DEBUG_INFO = YES;
				ONLY_ACTIVE_ARCH = YES;
				SDKROOT = iphoneos;
			};
			name = Debug;
		};
		20A36C801A1347D500717277 /* Release */ = {
			isa = XCBuildConfiguration;
			buildSettings = {
				ALWAYS_SEARCH_USER_PATHS = NO;
				CLANG_CXX_LANGUAGE_STANDARD = "gnu++0x";
				CLANG_CXX_LIBRARY = "libc++";
				CLANG_ENABLE_MODULES = YES;
				CLANG_ENABLE_OBJC_ARC = YES;
				CLANG_WARN_BOOL_CONVERSION = YES;
				CLANG_WARN_CONSTANT_CONVERSION = YES;
				CLANG_WARN_DIRECT_OBJC_ISA_USAGE = YES_ERROR;
				CLANG_WARN_EMPTY_BODY = YES;
				CLANG_WARN_ENUM_CONVERSION = YES;
				CLANG_WARN_INT_CONVERSION = YES;
				CLANG_WARN_OBJC_ROOT_CLASS = YES_ERROR;
				CLANG_WARN_UNREACHABLE_CODE = YES;
				CLANG_WARN__DUPLICATE_METHOD_MATCH = YES;
				"CODE_SIGN_IDENTITY[sdk=iphoneos*]" = "iPhone Developer";
				COPY_PHASE_STRIP = YES;
				ENABLE_NS_ASSERTIONS = NO;
				ENABLE_STRICT_OBJC_MSGSEND = YES;
				GCC_C_LANGUAGE_STANDARD = gnu99;
				GCC_WARN_64_TO_32_BIT_CONVERSION = YES;
				GCC_WARN_ABOUT_RETURN_TYPE = YES_ERROR;
				GCC_WARN_UNDECLARED_SELECTOR = YES;
				GCC_WARN_UNINITIALIZED_AUTOS = YES_AGGRESSIVE;
				GCC_WARN_UNUSED_FUNCTION = YES;
				GCC_WARN_UNUSED_VARIABLE = YES;
				IPHONEOS_DEPLOYMENT_TARGET = 8.1;
				MTL_ENABLE_DEBUG_INFO = NO;
				SDKROOT = iphoneos;
				VALIDATE_PRODUCT = YES;
			};
			name = Release;
		};
		20A36C821A1347D500717277 /* Debug */ = {
			isa = XCBuildConfiguration;
			buildSettings = {
				ASSETCATALOG_COMPILER_APPICON_NAME = AppIcon;
				ASSETCATALOG_COMPILER_LAUNCHIMAGE_NAME = LaunchImage;
				GCC_PRECOMPILE_PREFIX_HEADER = YES;
				GCC_PREFIX_HEADER = "chatxmpp/chatxmpp-Prefix.pch";
				INFOPLIST_FILE = chatxmpp/Info.plist;
				IPHONEOS_DEPLOYMENT_TARGET = 7.1;
				LD_RUNPATH_SEARCH_PATHS = "$(inherited) @executable_path/Frameworks";
				PRODUCT_NAME = "$(TARGET_NAME)";
			};
			name = Debug;
		};
		20A36C831A1347D500717277 /* Release */ = {
			isa = XCBuildConfiguration;
			buildSettings = {
				ASSETCATALOG_COMPILER_APPICON_NAME = AppIcon;
				ASSETCATALOG_COMPILER_LAUNCHIMAGE_NAME = LaunchImage;
				GCC_PRECOMPILE_PREFIX_HEADER = YES;
				GCC_PREFIX_HEADER = "chatxmpp/chatxmpp-Prefix.pch";
				INFOPLIST_FILE = chatxmpp/Info.plist;
				IPHONEOS_DEPLOYMENT_TARGET = 7.1;
				LD_RUNPATH_SEARCH_PATHS = "$(inherited) @executable_path/Frameworks";
				PRODUCT_NAME = "$(TARGET_NAME)";
			};
			name = Release;
		};
		20A36C851A1347D500717277 /* Debug */ = {
			isa = XCBuildConfiguration;
			buildSettings = {
				BUNDLE_LOADER = "$(TEST_HOST)";
				FRAMEWORK_SEARCH_PATHS = (
					"$(SDKROOT)/Developer/Library/Frameworks",
					"$(inherited)",
				);
				GCC_PREPROCESSOR_DEFINITIONS = (
					"DEBUG=1",
					"$(inherited)",
				);
				INFOPLIST_FILE = chatxmppTests/Info.plist;
				LD_RUNPATH_SEARCH_PATHS = "$(inherited) @executable_path/Frameworks @loader_path/Frameworks";
				PRODUCT_NAME = "$(TARGET_NAME)";
				TEST_HOST = "$(BUILT_PRODUCTS_DIR)/chatxmpp.app/chatxmpp";
			};
			name = Debug;
		};
		20A36C861A1347D500717277 /* Release */ = {
			isa = XCBuildConfiguration;
			buildSettings = {
				BUNDLE_LOADER = "$(TEST_HOST)";
				FRAMEWORK_SEARCH_PATHS = (
					"$(SDKROOT)/Developer/Library/Frameworks",
					"$(inherited)",
				);
				INFOPLIST_FILE = chatxmppTests/Info.plist;
				LD_RUNPATH_SEARCH_PATHS = "$(inherited) @executable_path/Frameworks @loader_path/Frameworks";
				PRODUCT_NAME = "$(TARGET_NAME)";
				TEST_HOST = "$(BUILT_PRODUCTS_DIR)/chatxmpp.app/chatxmpp";
			};
			name = Release;
		};
/* End XCBuildConfiguration section */

/* Begin XCConfigurationList section */
		20A36C591A1347D500717277 /* Build configuration list for PBXProject "chatxmpp" */ = {
			isa = XCConfigurationList;
			buildConfigurations = (
				20A36C7F1A1347D500717277 /* Debug */,
				20A36C801A1347D500717277 /* Release */,
			);
			defaultConfigurationIsVisible = 0;
			defaultConfigurationName = Release;
		};
		20A36C811A1347D500717277 /* Build configuration list for PBXNativeTarget "chatxmpp" */ = {
			isa = XCConfigurationList;
			buildConfigurations = (
				20A36C821A1347D500717277 /* Debug */,
				20A36C831A1347D500717277 /* Release */,
			);
			defaultConfigurationIsVisible = 0;
		};
		20A36C841A1347D500717277 /* Build configuration list for PBXNativeTarget "chatxmppTests" */ = {
			isa = XCConfigurationList;
			buildConfigurations = (
				20A36C851A1347D500717277 /* Debug */,
				20A36C861A1347D500717277 /* Release */,
			);
			defaultConfigurationIsVisible = 0;
		};
/* End XCConfigurationList section */
	};
	rootObject = 20A36C561A1347D500717277 /* Project object */;
}
